
Microsoft Visual Studio Solution File, Format Version 12.00
# Visual Studio Version 16
VisualStudioVersion = 16.0.31424.327
MinimumVisualStudioVersion = 10.0.40219.1
Project("{FAE04EC0-301F-11D3-BF4B-00C04F79EFBC}") = "StudentCRUDApp", "StudentCRUDApp\StudentCRUDApp.csproj", "{762E319B-6509-42E2-B9F3-2B8B6720C01D}"
EndProject
Global
	GlobalSection(SolutionConfigurationPlatforms) = preSolution
		Debug|Any CPU = Debug|Any CPU
		Release|Any CPU = Release|Any CPU
	EndGlobalSection
	GlobalSection(ProjectConfigurationPlatforms) = postSolution
		{762E319B-6509-42E2-B9F3-2B8B6720C01D}.Debug|Any CPU.ActiveCfg = Debug|Any CPU
		{762E319B-6509-42E2-B9F3-2B8B6720C01D}.Debug|Any CPU.Build.0 = Debug|Any CPU
		{762E319B-6509-42E2-B9F3-2B8B6720C01D}.Release|Any CPU.ActiveCfg = Release|Any CPU
		{762E319B-6509-42E2-B9F3-2B8B6720C01D}.Release|Any CPU.Build.0 = Release|Any CPU
	EndGlobalSection
	GlobalSection(SolutionProperties) = preSolution
		HideSolutionNode = FALSE
	EndGlobalSection
	GlobalSection(ExtensibilityGlobals) = postSolution
		SolutionGuid = {7B517729-56B0-44A6-A68A-A4415F0AFCFF}
	EndGlobalSection
EndGlobal
