
Microsoft Visual Studio Solution File, Format Version 12.00
# Visual Studio Version 16
VisualStudioVersion = 16.0.31424.327
MinimumVisualStudioVersion = 10.0.40219.1
Project("{FAE04EC0-301F-11D3-BF4B-00C04F79EFBC}") = "QurayableEnumerableApp", "QurayableEnumerableApp\QurayableEnumerableApp.csproj", "{3086ED14-D7E0-445D-A43C-4CEA6C175520}"
EndProject
Global
	GlobalSection(SolutionConfigurationPlatforms) = preSolution
		Debug|Any CPU = Debug|Any CPU
		Release|Any CPU = Release|Any CPU
	EndGlobalSection
	GlobalSection(ProjectConfigurationPlatforms) = postSolution
		{3086ED14-D7E0-445D-A43C-4CEA6C175520}.Debug|Any CPU.ActiveCfg = Debug|Any CPU
		{3086ED14-D7E0-445D-A43C-4CEA6C175520}.Debug|Any CPU.Build.0 = Debug|Any CPU
		{3086ED14-D7E0-445D-A43C-4CEA6C175520}.Release|Any CPU.ActiveCfg = Release|Any CPU
		{3086ED14-D7E0-445D-A43C-4CEA6C175520}.Release|Any CPU.Build.0 = Release|Any CPU
	EndGlobalSection
	GlobalSection(SolutionProperties) = preSolution
		HideSolutionNode = FALSE
	EndGlobalSection
	GlobalSection(ExtensibilityGlobals) = postSolution
		SolutionGuid = {54FA9939-0F11-4EBB-9959-60627120719B}
	EndGlobalSection
EndGlobal
